
Microsoft Visual Studio Solution File, Format Version 12.00
# Visual Studio Version 17
VisualStudioVersion = 17.11.35219.272
MinimumVisualStudioVersion = 10.0.40219.1
Project("{FAE04EC0-301F-11D3-BF4B-00C04F79EFBC}") = "RAKControllers", "RAKControllers\RAKControllers.csproj", "{70238940-E248-4795-9FF1-FCE6C7BEF745}"
EndProject
Global
	GlobalSection(SolutionConfigurationPlatforms) = preSolution
		Debug|Any CPU = Debug|Any CPU
		Release|Any CPU = Release|Any CPU
	EndGlobalSection
	GlobalSection(ProjectConfigurationPlatforms) = postSolution
		{70238940-E248-4795-9FF1-FCE6C7BEF745}.Debug|Any CPU.ActiveCfg = Debug|Any CPU
		{70238940-E248-4795-9FF1-FCE6C7BEF745}.Debug|Any CPU.Build.0 = Debug|Any CPU
		{70238940-E248-4795-9FF1-FCE6C7BEF745}.Release|Any CPU.ActiveCfg = Release|Any CPU
		{70238940-E248-4795-9FF1-FCE6C7BEF745}.Release|Any CPU.Build.0 = Release|Any CPU
	EndGlobalSection
	GlobalSection(SolutionProperties) = preSolution
		HideSolutionNode = FALSE
	EndGlobalSection
	GlobalSection(ExtensibilityGlobals) = postSolution
		SolutionGuid = {CD762231-4BC3-4788-8D5E-78C1D93CE1F2}
	EndGlobalSection
EndGlobal
